
Microsoft Visual Studio Solution File, Format Version 12.00
# Visual Studio Version 16
VisualStudioVersion = 16.0.31424.327
MinimumVisualStudioVersion = 10.0.40219.1
Project("{FAE04EC0-301F-11D3-BF4B-00C04F79EFBC}") = "CashBank3", "CashBank3.csproj", "{7912BDD9-4DD6-4705-BC01-F1C0642D2098}"
EndProject
Global
	GlobalSection(SolutionConfigurationPlatforms) = preSolution
		Debug|Any CPU = Debug|Any CPU
		Release|Any CPU = Release|Any CPU
	EndGlobalSection
	GlobalSection(ProjectConfigurationPlatforms) = postSolution
		{7912BDD9-4DD6-4705-BC01-F1C0642D2098}.Debug|Any CPU.ActiveCfg = Debug|Any CPU
		{7912BDD9-4DD6-4705-BC01-F1C0642D2098}.Debug|Any CPU.Build.0 = Debug|Any CPU
		{7912BDD9-4DD6-4705-BC01-F1C0642D2098}.Release|Any CPU.ActiveCfg = Release|Any CPU
		{7912BDD9-4DD6-4705-BC01-F1C0642D2098}.Release|Any CPU.Build.0 = Release|Any CPU
	EndGlobalSection
	GlobalSection(SolutionProperties) = preSolution
		HideSolutionNode = FALSE
	EndGlobalSection
	GlobalSection(ExtensibilityGlobals) = postSolution
		SolutionGuid = {88CA9CA3-34E2-4BEF-87BC-9BFE4EECD4A3}
	EndGlobalSection
EndGlobal
